
Microsoft Visual Studio Solution File, Format Version 12.00
# Visual Studio Version 16
VisualStudioVersion = 16.0.31105.61
MinimumVisualStudioVersion = 10.0.40219.1
Project("{FAE04EC0-301F-11D3-BF4B-00C04F79EFBC}") = "T 3", "T 3\T 3.csproj", "{76107811-CF0E-4DFC-AE85-94DDA8583CF7}"
EndProject
Global
	GlobalSection(SolutionConfigurationPlatforms) = preSolution
		Debug|Any CPU = Debug|Any CPU
		Release|Any CPU = Release|Any CPU
	EndGlobalSection
	GlobalSection(ProjectConfigurationPlatforms) = postSolution
		{76107811-CF0E-4DFC-AE85-94DDA8583CF7}.Debug|Any CPU.ActiveCfg = Debug|Any CPU
		{76107811-CF0E-4DFC-AE85-94DDA8583CF7}.Debug|Any CPU.Build.0 = Debug|Any CPU
		{76107811-CF0E-4DFC-AE85-94DDA8583CF7}.Release|Any CPU.ActiveCfg = Release|Any CPU
		{76107811-CF0E-4DFC-AE85-94DDA8583CF7}.Release|Any CPU.Build.0 = Release|Any CPU
	EndGlobalSection
	GlobalSection(SolutionProperties) = preSolution
		HideSolutionNode = FALSE
	EndGlobalSection
	GlobalSection(ExtensibilityGlobals) = postSolution
		SolutionGuid = {8BC9B4E8-4A84-4E42-91D8-14AC845D43C6}
	EndGlobalSection
EndGlobal
